// !$*UTF8*$!
{
	archiveVersion = 1;
	classes = {
	};
	objectVersion = 50;
	objects = {

/* Begin PBXBuildFile section */
		CE071AEF21540DD900C2F2F7 /* main.cpp in Sources */ = {isa = PBXBuildFile; fileRef = CE071AEE21540DD900C2F2F7 /* main.cpp */; };
		CE071AF721540DF900C2F2F7 /* tensor.cpp in Sources */ = {isa = PBXBuildFile; fileRef = CE071AF521540DF900C2F2F7 /* tensor.cpp */; };
/* End PBXBuildFile section */

/* Begin PBXCopyFilesBuildPhase section */
		CE071AE921540DD800C2F2F7 /* CopyFiles */ = {
			isa = PBXCopyFilesBuildPhase;
			buildActionMask = 2147483647;
			dstPath = /usr/share/man/man1/;
			dstSubfolderSpec = 0;
			files = (
			);
			runOnlyForDeploymentPostprocessing = 1;
		};
/* End PBXCopyFilesBuildPhase section */

/* Begin PBXFileReference section */
		CE071AEB21540DD800C2F2F7 /* datamining */ = {isa = PBXFileReference; explicitFileType = "compiled.mach-o.executable"; includeInIndex = 0; path = datamining; sourceTree = BUILT_PRODUCTS_DIR; };
		CE071AEE21540DD900C2F2F7 /* main.cpp */ = {isa = PBXFileReference; lastKnownFileType = sourcecode.cpp.cpp; path = main.cpp; sourceTree = "<group>"; };
		CE071AF521540DF900C2F2F7 /* tensor.cpp */ = {isa = PBXFileReference; lastKnownFileType = sourcecode.cpp.cpp; path = tensor.cpp; sourceTree = "<group>"; };
		CE071AF621540DF900C2F2F7 /* tensor.hpp */ = {isa = PBXFileReference; lastKnownFileType = sourcecode.cpp.h; path = tensor.hpp; sourceTree = "<group>"; };
		CE913017215A9E0600316EA8 /* decisionTree.h */ = {isa = PBXFileReference; lastKnownFileType = sourcecode.c.h; path = decisionTree.h; sourceTree = "<group>"; };
		CEA85619215D420700EF1A31 /* randomForest.h */ = {isa = PBXFileReference; lastKnownFileType = sourcecode.c.h; path = randomForest.h; sourceTree = "<group>"; };
		CED67ADD2163D99A0044911E /* svm.h */ = {isa = PBXFileReference; lastKnownFileType = sourcecode.c.h; path = svm.h; sourceTree = "<group>"; };
/* End PBXFileReference section */

/* Begin PBXFrameworksBuildPhase section */
		CE071AE821540DD800C2F2F7 /* Frameworks */ = {
			isa = PBXFrameworksBuildPhase;
			buildActionMask = 2147483647;
			files = (
			);
			runOnlyForDeploymentPostprocessing = 0;
		};
/* End PBXFrameworksBuildPhase section */

/* Begin PBXGroup section */
		CE071AE221540DD800C2F2F7 = {
			isa = PBXGroup;
			children = (
				CE913016215A9DEF00316EA8 /* lecturenotes */,
				CE071AED21540DD800C2F2F7 /* datamining */,
				CE071AEC21540DD800C2F2F7 /* Products */,
			);
			sourceTree = "<group>";
		};
		CE071AEC21540DD800C2F2F7 /* Products */ = {
			isa = PBXGroup;
			children = (
				CE071AEB21540DD800C2F2F7 /* datamining */,
			);
			name = Products;
			sourceTree = "<group>";
		};
		CE071AED21540DD800C2F2F7 /* datamining */ = {
			isa = PBXGroup;
			children = (
				CE071AEE21540DD900C2F2F7 /* main.cpp */,
				CE071AF521540DF900C2F2F7 /* tensor.cpp */,
				CE071AF621540DF900C2F2F7 /* tensor.hpp */,
			);
			path = datamining;
			sourceTree = "<group>";
		};
		CE913016215A9DEF00316EA8 /* lecturenotes */ = {
			isa = PBXGroup;
			children = (
				CE913017215A9E0600316EA8 /* decisionTree.h */,
				CEA85619215D420700EF1A31 /* randomForest.h */,
				CED67ADD2163D99A0044911E /* svm.h */,
			);
			path = lecturenotes;
			sourceTree = "<group>";
		};
/* End PBXGroup section */

/* Begin PBXNativeTarget section */
		CE071AEA21540DD800C2F2F7 /* datamining */ = {
			isa = PBXNativeTarget;
			buildConfigurationList = CE071AF221540DD900C2F2F7 /* Build configuration list for PBXNativeTarget "datamining" */;
			buildPhases = (
				CE071AE721540DD800C2F2F7 /* Sources */,
				CE071AE821540DD800C2F2F7 /* Frameworks */,
				CE071AE921540DD800C2F2F7 /* CopyFiles */,
			);
			buildRules = (
			);
			dependencies = (
			);
			name = datamining;
			productName = datamining;
			productReference = CE071AEB21540DD800C2F2F7 /* datamining */;
			productType = "com.apple.product-type.tool";
		};
/* End PBXNativeTarget section */

/* Begin PBXProject section */
		CE071AE321540DD800C2F2F7 /* Project object */ = {
			isa = PBXProject;
			attributes = {
				LastUpgradeCheck = 0940;
				ORGANIZATIONNAME = "Clayton Knittel";
				TargetAttributes = {
					CE071AEA21540DD800C2F2F7 = {
						CreatedOnToolsVersion = 9.4.1;
					};
				};
			};
			buildConfigurationList = CE071AE621540DD800C2F2F7 /* Build configuration list for PBXProject "datamining" */;
			compatibilityVersion = "Xcode 9.3";
			developmentRegion = en;
			hasScannedForEncodings = 0;
			knownRegions = (
				en,
			);
			mainGroup = CE071AE221540DD800C2F2F7;
			productRefGroup = CE071AEC21540DD800C2F2F7 /* Products */;
			projectDirPath = "";
			projectRoot = "";
			targets = (
				CE071AEA21540DD800C2F2F7 /* datamining */,
			);
		};
/* End PBXProject section */

/* Begin PBXSourcesBuildPhase section */
		CE071AE721540DD800C2F2F7 /* Sources */ = {
			isa = PBXSourcesBuildPhase;
			buildActionMask = 2147483647;
			files = (
				CE071AF721540DF900C2F2F7 /* tensor.cpp in Sources */,
				CE071AEF21540DD900C2F2F7 /* main.cpp in Sources */,
			);
			runOnlyForDeploymentPostprocessing = 0;
		};
/* End PBXSourcesBuildPhase section */

/* Begin XCBuildConfiguration section */
		CE071AF021540DD900C2F2F7 /* Debug */ = {
			isa = XCBuildConfiguration;
			buildSettings = {
				ALWAYS_SEARCH_USER_PATHS = NO;
				CLANG_ANALYZER_NONNULL = YES;
				CLANG_ANALYZER_NUMBER_OBJECT_CONVERSION = YES_AGGRESSIVE;
				CLANG_CXX_LANGUAGE_STANDARD = "gnu++14";
				CLANG_CXX_LIBRARY = "libc++";
				CLANG_ENABLE_MODULES = YES;
				CLANG_ENABLE_OBJC_ARC = YES;
				CLANG_ENABLE_OBJC_WEAK = YES;
				CLANG_WARN_BLOCK_CAPTURE_AUTORELEASING = YES;
				CLANG_WARN_BOOL_CONVERSION = YES;
				CLANG_WARN_COMMA = YES;
				CLANG_WARN_CONSTANT_CONVERSION = YES;
				CLANG_WARN_DEPRECATED_OBJC_IMPLEMENTATIONS = YES;
				CLANG_WARN_DIRECT_OBJC_ISA_USAGE = YES_ERROR;
				CLANG_WARN_DOCUMENTATION_COMMENTS = YES;
				CLANG_WARN_EMPTY_BODY = YES;
				CLANG_WARN_ENUM_CONVERSION = YES;
				CLANG_WARN_INFINITE_RECURSION = YES;
				CLANG_WARN_INT_CONVERSION = YES;
				CLANG_WARN_NON_LITERAL_NULL_CONVERSION = YES;
				CLANG_WARN_OBJC_IMPLICIT_RETAIN_SELF = YES;
				CLANG_WARN_OBJC_LITERAL_CONVERSION = YES;
				CLANG_WARN_OBJC_ROOT_CLASS = YES_ERROR;
				CLANG_WARN_RANGE_LOOP_ANALYSIS = YES;
				CLANG_WARN_STRICT_PROTOTYPES = YES;
				CLANG_WARN_SUSPICIOUS_MOVE = YES;
				CLANG_WARN_UNGUARDED_AVAILABILITY = YES_AGGRESSIVE;
				CLANG_WARN_UNREACHABLE_CODE = YES;
				CLANG_WARN__DUPLICATE_METHOD_MATCH = YES;
				CODE_SIGN_IDENTITY = "-";
				COPY_PHASE_STRIP = NO;
				DEBUG_INFORMATION_FORMAT = dwarf;
				ENABLE_STRICT_OBJC_MSGSEND = YES;
				ENABLE_TESTABILITY = YES;
				GCC_C_LANGUAGE_STANDARD = gnu11;
				GCC_DYNAMIC_NO_PIC = NO;
				GCC_NO_COMMON_BLOCKS = YES;
				GCC_OPTIMIZATION_LEVEL = 0;
				GCC_PREPROCESSOR_DEFINITIONS = (
					"DEBUG=1",
					"$(inherited)",
				);
				GCC_WARN_64_TO_32_BIT_CONVERSION = YES;
				GCC_WARN_ABOUT_RETURN_TYPE = YES_ERROR;
				GCC_WARN_UNDECLARED_SELECTOR = YES;
				GCC_WARN_UNINITIALIZED_AUTOS = YES_AGGRESSIVE;
				GCC_WARN_UNUSED_FUNCTION = YES;
				GCC_WARN_UNUSED_VARIABLE = YES;
				MACOSX_DEPLOYMENT_TARGET = 10.13;
				MTL_ENABLE_DEBUG_INFO = YES;
				ONLY_ACTIVE_ARCH = YES;
				SDKROOT = macosx;
			};
			name = Debug;
		};
		CE071AF121540DD900C2F2F7 /* Release */ = {
			isa = XCBuildConfiguration;
			buildSettings = {
				ALWAYS_SEARCH_USER_PATHS = NO;
				CLANG_ANALYZER_NONNULL = YES;
				CLANG_ANALYZER_NUMBER_OBJECT_CONVERSION = YES_AGGRESSIVE;
				CLANG_CXX_LANGUAGE_STANDARD = "gnu++14";
				CLANG_CXX_LIBRARY = "libc++";
				CLANG_ENABLE_MODULES = YES;
				CLANG_ENABLE_OBJC_ARC = YES;
				CLANG_ENABLE_OBJC_WEAK = YES;
				CLANG_WARN_BLOCK_CAPTURE_AUTORELEASING = YES;
				CLANG_WARN_BOOL_CONVERSION = YES;
				CLANG_WARN_COMMA = YES;
				CLANG_WARN_CONSTANT_CONVERSION = YES;
				CLANG_WARN_DEPRECATED_OBJC_IMPLEMENTATIONS = YES;
				CLANG_WARN_DIRECT_OBJC_ISA_USAGE = YES_ERROR;
				CLANG_WARN_DOCUMENTATION_COMMENTS = YES;
				CLANG_WARN_EMPTY_BODY = YES;
				CLANG_WARN_ENUM_CONVERSION = YES;
				CLANG_WARN_INFINITE_RECURSION = YES;
				CLANG_WARN_INT_CONVERSION = YES;
				CLANG_WARN_NON_LITERAL_NULL_CONVERSION = YES;
				CLANG_WARN_OBJC_IMPLICIT_RETAIN_SELF = YES;
				CLANG_WARN_OBJC_LITERAL_CONVERSION = YES;
				CLANG_WARN_OBJC_ROOT_CLASS = YES_ERROR;
				CLANG_WARN_RANGE_LOOP_ANALYSIS = YES;
				CLANG_WARN_STRICT_PROTOTYPES = YES;
				CLANG_WARN_SUSPICIOUS_MOVE = YES;
				CLANG_WARN_UNGUARDED_AVAILABILITY = YES_AGGRESSIVE;
				CLANG_WARN_UNREACHABLE_CODE = YES;
				CLANG_WARN__DUPLICATE_METHOD_MATCH = YES;
				CODE_SIGN_IDENTITY = "-";
				COPY_PHASE_STRIP = NO;
				DEBUG_INFORMATION_FORMAT = "dwarf-with-dsym";
				ENABLE_NS_ASSERTIONS = NO;
				ENABLE_STRICT_OBJC_MSGSEND = YES;
				GCC_C_LANGUAGE_STANDARD = gnu11;
				GCC_NO_COMMON_BLOCKS = YES;
				GCC_WARN_64_TO_32_BIT_CONVERSION = YES;
				GCC_WARN_ABOUT_RETURN_TYPE = YES_ERROR;
				GCC_WARN_UNDECLARED_SELECTOR = YES;
				GCC_WARN_UNINITIALIZED_AUTOS = YES_AGGRESSIVE;
				GCC_WARN_UNUSED_FUNCTION = YES;
				GCC_WARN_UNUSED_VARIABLE = YES;
				MACOSX_DEPLOYMENT_TARGET = 10.13;
				MTL_ENABLE_DEBUG_INFO = NO;
				SDKROOT = macosx;
			};
			name = Release;
		};
		CE071AF321540DD900C2F2F7 /* Debug */ = {
			isa = XCBuildConfiguration;
			buildSettings = {
				CODE_SIGN_STYLE = Automatic;
				PRODUCT_NAME = "$(TARGET_NAME)";
			};
			name = Debug;
		};
		CE071AF421540DD900C2F2F7 /* Release */ = {
			isa = XCBuildConfiguration;
			buildSettings = {
				CODE_SIGN_STYLE = Automatic;
				PRODUCT_NAME = "$(TARGET_NAME)";
			};
			name = Release;
		};
/* End XCBuildConfiguration section */

/* Begin XCConfigurationList section */
		CE071AE621540DD800C2F2F7 /* Build configuration list for PBXProject "datamining" */ = {
			isa = XCConfigurationList;
			buildConfigurations = (
				CE071AF021540DD900C2F2F7 /* Debug */,
				CE071AF121540DD900C2F2F7 /* Release */,
			);
			defaultConfigurationIsVisible = 0;
			defaultConfigurationName = Release;
		};
		CE071AF221540DD900C2F2F7 /* Build configuration list for PBXNativeTarget "datamining" */ = {
			isa = XCConfigurationList;
			buildConfigurations = (
				CE071AF321540DD900C2F2F7 /* Debug */,
				CE071AF421540DD900C2F2F7 /* Release */,
			);
			defaultConfigurationIsVisible = 0;
			defaultConfigurationName = Release;
		};
/* End XCConfigurationList section */
	};
	rootObject = CE071AE321540DD800C2F2F7 /* Project object */;
}
